
Microsoft Visual Studio Solution File, Format Version 12.00
# Visual Studio 15
VisualStudioVersion = 15.0.26124.0
MinimumVisualStudioVersion = 15.0.26124.0
Project("{FAE04EC0-301F-11D3-BF4B-00C04F79EFBC}") = "ClassLibrary1", "ClassLibrary1\ClassLibrary1.csproj", "{E3E5FF38-F369-46EB-9F6E-B19CA79FB9ED}"
EndProject
Project("{FAE04EC0-301F-11D3-BF4B-00C04F79EFBC}") = "XUnitTestProject1", "XUnitTestProject1\XUnitTestProject1.csproj", "{65C18DBE-D079-412D-80C7-3B85D8919215}"
EndProject
Global
	GlobalSection(SolutionConfigurationPlatforms) = preSolution
		Debug|Any CPU = Debug|Any CPU
		Debug|x64 = Debug|x64
		Debug|x86 = Debug|x86
		Release|Any CPU = Release|Any CPU
		Release|x64 = Release|x64
		Release|x86 = Release|x86
	EndGlobalSection
	GlobalSection(ProjectConfigurationPlatforms) = postSolution
		{E3E5FF38-F369-46EB-9F6E-B19CA79FB9ED}.Debug|Any CPU.ActiveCfg = Debug|Any CPU
		{E3E5FF38-F369-46EB-9F6E-B19CA79FB9ED}.Debug|Any CPU.Build.0 = Debug|Any CPU
		{E3E5FF38-F369-46EB-9F6E-B19CA79FB9ED}.Debug|x64.ActiveCfg = Debug|Any CPU
		{E3E5FF38-F369-46EB-9F6E-B19CA79FB9ED}.Debug|x64.Build.0 = Debug|Any CPU
		{E3E5FF38-F369-46EB-9F6E-B19CA79FB9ED}.Debug|x86.ActiveCfg = Debug|Any CPU
		{E3E5FF38-F369-46EB-9F6E-B19CA79FB9ED}.Debug|x86.Build.0 = Debug|Any CPU
		{E3E5FF38-F369-46EB-9F6E-B19CA79FB9ED}.Release|Any CPU.ActiveCfg = Release|Any CPU
		{E3E5FF38-F369-46EB-9F6E-B19CA79FB9ED}.Release|Any CPU.Build.0 = Release|Any CPU
		{E3E5FF38-F369-46EB-9F6E-B19CA79FB9ED}.Release|x64.ActiveCfg = Release|Any CPU
		{E3E5FF38-F369-46EB-9F6E-B19CA79FB9ED}.Release|x64.Build.0 = Release|Any CPU
		{E3E5FF38-F369-46EB-9F6E-B19CA79FB9ED}.Release|x86.ActiveCfg = Release|Any CPU
		{E3E5FF38-F369-46EB-9F6E-B19CA79FB9ED}.Release|x86.Build.0 = Release|Any CPU
		{65C18DBE-D079-412D-80C7-3B85D8919215}.Debug|Any CPU.ActiveCfg = Debug|Any CPU
		{65C18DBE-D079-412D-80C7-3B85D8919215}.Debug|Any CPU.Build.0 = Debug|Any CPU
		{65C18DBE-D079-412D-80C7-3B85D8919215}.Debug|x64.ActiveCfg = Debug|Any CPU
		{65C18DBE-D079-412D-80C7-3B85D8919215}.Debug|x64.Build.0 = Debug|Any CPU
		{65C18DBE-D079-412D-80C7-3B85D8919215}.Debug|x86.ActiveCfg = Debug|Any CPU
		{65C18DBE-D079-412D-80C7-3B85D8919215}.Debug|x86.Build.0 = Debug|Any CPU
		{65C18DBE-D079-412D-80C7-3B85D8919215}.Release|Any CPU.ActiveCfg = Release|Any CPU
		{65C18DBE-D079-412D-80C7-3B85D8919215}.Release|Any CPU.Build.0 = Release|Any CPU
		{65C18DBE-D079-412D-80C7-3B85D8919215}.Release|x64.ActiveCfg = Release|Any CPU
		{65C18DBE-D079-412D-80C7-3B85D8919215}.Release|x64.Build.0 = Release|Any CPU
		{65C18DBE-D079-412D-80C7-3B85D8919215}.Release|x86.ActiveCfg = Release|Any CPU
		{65C18DBE-D079-412D-80C7-3B85D8919215}.Release|x86.Build.0 = Release|Any CPU
	EndGlobalSection
	GlobalSection(SolutionProperties) = preSolution
		HideSolutionNode = FALSE
	EndGlobalSection
	GlobalSection(ExtensibilityGlobals) = postSolution
		SolutionGuid = {B4153A5E-B607-40B0-AE65-4FD528901D16}
	EndGlobalSection
EndGlobal
